
Microsoft Visual Studio Solution File, Format Version 12.00
# Visual Studio 15
VisualStudioVersion = 15.0.28307.757
MinimumVisualStudioVersion = 10.0.40219.1
Project("{FAE04EC0-301F-11D3-BF4B-00C04F79EFBC}") = "InsuranceClient", "InsuranceClient\InsuranceClient.csproj", "{300C547E-6805-4F04-9437-D5ADA4FB82FA}"
EndProject
Global
	GlobalSection(SolutionConfigurationPlatforms) = preSolution
		Debug|Any CPU = Debug|Any CPU
		Release|Any CPU = Release|Any CPU
	EndGlobalSection
	GlobalSection(ProjectConfigurationPlatforms) = postSolution
		{300C547E-6805-4F04-9437-D5ADA4FB82FA}.Debug|Any CPU.ActiveCfg = Debug|Any CPU
		{300C547E-6805-4F04-9437-D5ADA4FB82FA}.Debug|Any CPU.Build.0 = Debug|Any CPU
		{300C547E-6805-4F04-9437-D5ADA4FB82FA}.Release|Any CPU.ActiveCfg = Release|Any CPU
		{300C547E-6805-4F04-9437-D5ADA4FB82FA}.Release|Any CPU.Build.0 = Release|Any CPU
	EndGlobalSection
	GlobalSection(SolutionProperties) = preSolution
		HideSolutionNode = FALSE
	EndGlobalSection
	GlobalSection(ExtensibilityGlobals) = postSolution
		SolutionGuid = {B3D8CF35-058B-4561-A45A-DDBE48F7E317}
	EndGlobalSection
EndGlobal
